{
  "version": 4,
  "terraform_version": "1.1.0",
  "serial": 18,
  "lineage": "6a9e19af-35ce-5434-73a8-4bea14d57a6a",
  "outputs": {
    "application_access": {
      "value": [
        {
          "grafana": {
            "application_access": {
              "grafana-dev-ef8a": "172.17.0.3:3101",
              "grafana-dev-taw4": "172.17.0.5:3100"
            }
          },
          "influxdb": {
            "application_access": {
              "influxdb-dev-5jgc": "172.17.0.4:8186"
            }
          },
          "nodered": {
            "application_access": {
              "nodered-dev-i3gr": "172.17.0.2:1980"
            }
          }
        }
      ],
      "type": [
        "tuple",
        [
          [
            "object",
            {
              "grafana": [
                "object",
                {
                  "application_access": [
                    "object",
                    {
                      "grafana-dev-ef8a": "string",
                      "grafana-dev-taw4": "string"
                    }
                  ]
                }
              ],
              "influxdb": [
                "object",
                {
                  "application_access": [
                    "object",
                    {
                      "influxdb-dev-5jgc": "string"
                    }
                  ]
                }
              ],
              "nodered": [
                "object",
                {
                  "application_access": [
                    "object",
                    {
                      "nodered-dev-i3gr": "string"
                    }
                  ]
                }
              ]
            }
          ]
        ]
      ]
    }
  },
  "resources": [
    {
      "module": "module.container[\"grafana\"]",
      "mode": "managed",
      "type": "docker_container",
      "name": "app_container",
      "provider": "provider[\"registry.terraform.io/kreuzwerker/docker\"]",
      "instances": [
        {
          "index_key": 0,
          "schema_version": 2,
          "attributes": {
            "attach": false,
            "bridge": "",
            "capabilities": [],
            "command": [],
            "container_logs": null,
            "cpu_set": "",
            "cpu_shares": 0,
            "destroy_grace_seconds": null,
            "devices": [],
            "dns": null,
            "dns_opts": null,
            "dns_search": null,
            "domainname": "",
            "entrypoint": [
              "/run.sh"
            ],
            "env": [],
            "exit_code": null,
            "gateway": "172.17.0.1",
            "group_add": null,
            "healthcheck": null,
            "host": [],
            "hostname": "a65f0431f803",
            "id": "a65f0431f8039bac0982ab69e22caad93483c2ba3777344a704032c23a8cd335",
            "image": "sha256:9b957e098315598ae58c7a62bcc140ed086bbe619b38c31a52b21abbd5eb21e2",
            "init": false,
            "ip_address": "172.17.0.5",
            "ip_prefix_length": 16,
            "ipc_mode": "private",
            "labels": [],
            "links": null,
            "log_driver": "json-file",
            "log_opts": null,
            "logs": false,
            "max_retry_count": 0,
            "memory": 0,
            "memory_swap": 0,
            "mounts": [],
            "must_run": true,
            "name": "grafana-dev-taw4",
            "network_alias": null,
            "network_data": [
              {
                "gateway": "172.17.0.1",
                "global_ipv6_address": "",
                "global_ipv6_prefix_length": 0,
                "ip_address": "172.17.0.5",
                "ip_prefix_length": 16,
                "ipv6_gateway": "",
                "network_name": "bridge"
              }
            ],
            "network_mode": "default",
            "networks": null,
            "networks_advanced": [],
            "pid_mode": "",
            "ports": [
              {
                "external": 3100,
                "internal": 3000,
                "ip": "0.0.0.0",
                "protocol": "tcp"
              }
            ],
            "privileged": false,
            "publish_all_ports": false,
            "read_only": false,
            "remove_volumes": true,
            "restart": "no",
            "rm": false,
            "security_opts": [],
            "shm_size": 64,
            "start": true,
            "stdin_open": false,
            "storage_opts": null,
            "sysctls": null,
            "tmpfs": null,
            "tty": false,
            "ulimit": [],
            "upload": [],
            "user": "472",
            "userns_mode": "",
            "volumes": [
              {
                "container_path": "/etc/grafana",
                "from_container": "",
                "host_path": "",
                "read_only": null,
                "volume_name": "grafana-dev-taw4-volume-1"
              },
              {
                "container_path": "/var/lib/grafana",
                "from_container": "",
                "host_path": "",
                "read_only": null,
                "volume_name": "grafana-dev-taw4-volume-0"
              }
            ],
            "working_dir": "/usr/share/grafana"
          },
          "sensitive_attributes": [],
          "private": "eyJzY2hlbWFfdmVyc2lvbiI6IjIifQ==",
          "dependencies": [
            "module.container.module.volume.docker_volume.container_volume",
            "module.container.random_string.random",
            "module.image.docker_image.container_image"
          ]
        },
        {
          "index_key": 1,
          "schema_version": 2,
          "attributes": {
            "attach": false,
            "bridge": "",
            "capabilities": [],
            "command": [],
            "container_logs": null,
            "cpu_set": "",
            "cpu_shares": 0,
            "destroy_grace_seconds": null,
            "devices": [],
            "dns": null,
            "dns_opts": null,
            "dns_search": null,
            "domainname": "",
            "entrypoint": [
              "/run.sh"
            ],
            "env": [],
            "exit_code": null,
            "gateway": "172.17.0.1",
            "group_add": null,
            "healthcheck": null,
            "host": [],
            "hostname": "628ea3e1b4a7",
            "id": "628ea3e1b4a710c045a60a3515a20f216055b5460de20567c70d17c795a204ff",
            "image": "sha256:9b957e098315598ae58c7a62bcc140ed086bbe619b38c31a52b21abbd5eb21e2",
            "init": false,
            "ip_address": "172.17.0.3",
            "ip_prefix_length": 16,
            "ipc_mode": "private",
            "labels": [],
            "links": null,
            "log_driver": "json-file",
            "log_opts": null,
            "logs": false,
            "max_retry_count": 0,
            "memory": 0,
            "memory_swap": 0,
            "mounts": [],
            "must_run": true,
            "name": "grafana-dev-ef8a",
            "network_alias": null,
            "network_data": [
              {
                "gateway": "172.17.0.1",
                "global_ipv6_address": "",
                "global_ipv6_prefix_length": 0,
                "ip_address": "172.17.0.3",
                "ip_prefix_length": 16,
                "ipv6_gateway": "",
                "network_name": "bridge"
              }
            ],
            "network_mode": "default",
            "networks": null,
            "networks_advanced": [],
            "pid_mode": "",
            "ports": [
              {
                "external": 3101,
                "internal": 3000,
                "ip": "0.0.0.0",
                "protocol": "tcp"
              }
            ],
            "privileged": false,
            "publish_all_ports": false,
            "read_only": false,
            "remove_volumes": true,
            "restart": "no",
            "rm": false,
            "security_opts": [],
            "shm_size": 64,
            "start": true,
            "stdin_open": false,
            "storage_opts": null,
            "sysctls": null,
            "tmpfs": null,
            "tty": false,
            "ulimit": [],
            "upload": [],
            "user": "472",
            "userns_mode": "",
            "volumes": [
              {
                "container_path": "/etc/grafana",
                "from_container": "",
                "host_path": "",
                "read_only": null,
                "volume_name": "grafana-dev-ef8a-volume-1"
              },
              {
                "container_path": "/var/lib/grafana",
                "from_container": "",
                "host_path": "",
                "read_only": null,
                "volume_name": "grafana-dev-ef8a-volume-0"
              }
            ],
            "working_dir": "/usr/share/grafana"
          },
          "sensitive_attributes": [],
          "private": "eyJzY2hlbWFfdmVyc2lvbiI6IjIifQ==",
          "dependencies": [
            "module.container.module.volume.docker_volume.container_volume",
            "module.container.random_string.random",
            "module.image.docker_image.container_image"
          ]
        }
      ]
    },
    {
      "module": "module.container[\"grafana\"]",
      "mode": "managed",
      "type": "random_string",
      "name": "random",
      "provider": "provider[\"registry.terraform.io/hashicorp/random\"]",
      "instances": [
        {
          "index_key": 0,
          "schema_version": 1,
          "attributes": {
            "id": "taw4",
            "keepers": null,
            "length": 4,
            "lower": true,
            "min_lower": 0,
            "min_numeric": 0,
            "min_special": 0,
            "min_upper": 0,
            "number": true,
            "override_special": null,
            "result": "taw4",
            "special": false,
            "upper": false
          },
          "sensitive_attributes": [],
          "private": "eyJzY2hlbWFfdmVyc2lvbiI6IjEifQ=="
        },
        {
          "index_key": 1,
          "schema_version": 1,
          "attributes": {
            "id": "ef8a",
            "keepers": null,
            "length": 4,
            "lower": true,
            "min_lower": 0,
            "min_numeric": 0,
            "min_special": 0,
            "min_upper": 0,
            "number": true,
            "override_special": null,
            "result": "ef8a",
            "special": false,
            "upper": false
          },
          "sensitive_attributes": [],
          "private": "eyJzY2hlbWFfdmVyc2lvbiI6IjEifQ=="
        }
      ]
    },
    {
      "module": "module.container[\"grafana\"].module.volume[0]",
      "mode": "managed",
      "type": "docker_volume",
      "name": "container_volume",
      "provider": "provider[\"registry.terraform.io/kreuzwerker/docker\"]",
      "instances": [
        {
          "index_key": 0,
          "schema_version": 1,
          "attributes": {
            "driver": "local",
            "driver_opts": null,
            "id": "grafana-dev-taw4-volume-0",
            "labels": [],
            "mountpoint": "/var/lib/docker/volumes/grafana-dev-taw4-volume-0/_data",
            "name": "grafana-dev-taw4-volume-0"
          },
          "sensitive_attributes": [],
          "private": "eyJzY2hlbWFfdmVyc2lvbiI6IjEifQ==",
          "dependencies": [
            "module.container.random_string.random"
          ]
        },
        {
          "index_key": 1,
          "schema_version": 1,
          "attributes": {
            "driver": "local",
            "driver_opts": null,
            "id": "grafana-dev-taw4-volume-1",
            "labels": [],
            "mountpoint": "/var/lib/docker/volumes/grafana-dev-taw4-volume-1/_data",
            "name": "grafana-dev-taw4-volume-1"
          },
          "sensitive_attributes": [],
          "private": "eyJzY2hlbWFfdmVyc2lvbiI6IjEifQ==",
          "dependencies": [
            "module.container.random_string.random"
          ]
        }
      ]
    },
    {
      "module": "module.container[\"grafana\"].module.volume[1]",
      "mode": "managed",
      "type": "docker_volume",
      "name": "container_volume",
      "provider": "provider[\"registry.terraform.io/kreuzwerker/docker\"]",
      "instances": [
        {
          "index_key": 0,
          "schema_version": 1,
          "attributes": {
            "driver": "local",
            "driver_opts": null,
            "id": "grafana-dev-ef8a-volume-0",
            "labels": [],
            "mountpoint": "/var/lib/docker/volumes/grafana-dev-ef8a-volume-0/_data",
            "name": "grafana-dev-ef8a-volume-0"
          },
          "sensitive_attributes": [],
          "private": "eyJzY2hlbWFfdmVyc2lvbiI6IjEifQ==",
          "dependencies": [
            "module.container.random_string.random"
          ]
        },
        {
          "index_key": 1,
          "schema_version": 1,
          "attributes": {
            "driver": "local",
            "driver_opts": null,
            "id": "grafana-dev-ef8a-volume-1",
            "labels": [],
            "mountpoint": "/var/lib/docker/volumes/grafana-dev-ef8a-volume-1/_data",
            "name": "grafana-dev-ef8a-volume-1"
          },
          "sensitive_attributes": [],
          "private": "eyJzY2hlbWFfdmVyc2lvbiI6IjEifQ==",
          "dependencies": [
            "module.container.random_string.random"
          ]
        }
      ]
    },
    {
      "module": "module.container[\"influxdb\"]",
      "mode": "managed",
      "type": "docker_container",
      "name": "app_container",
      "provider": "provider[\"registry.terraform.io/kreuzwerker/docker\"]",
      "instances": [
        {
          "index_key": 0,
          "schema_version": 2,
          "attributes": {
            "attach": false,
            "bridge": "",
            "capabilities": [],
            "command": [
              "influxd"
            ],
            "container_logs": null,
            "cpu_set": "",
            "cpu_shares": 0,
            "destroy_grace_seconds": null,
            "devices": [],
            "dns": null,
            "dns_opts": null,
            "dns_search": null,
            "domainname": "",
            "entrypoint": [
              "/entrypoint.sh"
            ],
            "env": [],
            "exit_code": null,
            "gateway": "172.17.0.1",
            "group_add": null,
            "healthcheck": null,
            "host": [],
            "hostname": "240dac55a090",
            "id": "240dac55a090eb8435e2058c03c775940fc063ee72ffb0a4e35ffab7a13f22ad",
            "image": "sha256:86516adf96b152e8da1b29827a54930cd58667596bd643cd298e55189c3c131e",
            "init": false,
            "ip_address": "172.17.0.4",
            "ip_prefix_length": 16,
            "ipc_mode": "private",
            "labels": [],
            "links": null,
            "log_driver": "json-file",
            "log_opts": null,
            "logs": false,
            "max_retry_count": 0,
            "memory": 0,
            "memory_swap": 0,
            "mounts": [],
            "must_run": true,
            "name": "influxdb-dev-5jgc",
            "network_alias": null,
            "network_data": [
              {
                "gateway": "172.17.0.1",
                "global_ipv6_address": "",
                "global_ipv6_prefix_length": 0,
                "ip_address": "172.17.0.4",
                "ip_prefix_length": 16,
                "ipv6_gateway": "",
                "network_name": "bridge"
              }
            ],
            "network_mode": "default",
            "networks": null,
            "networks_advanced": [],
            "pid_mode": "",
            "ports": [
              {
                "external": 8186,
                "internal": 8086,
                "ip": "0.0.0.0",
                "protocol": "tcp"
              }
            ],
            "privileged": false,
            "publish_all_ports": false,
            "read_only": false,
            "remove_volumes": true,
            "restart": "no",
            "rm": false,
            "security_opts": [],
            "shm_size": 64,
            "start": true,
            "stdin_open": false,
            "storage_opts": null,
            "sysctls": null,
            "tmpfs": null,
            "tty": false,
            "ulimit": [],
            "upload": [],
            "user": "",
            "userns_mode": "",
            "volumes": [
              {
                "container_path": "/var/lib/influxdb",
                "from_container": "",
                "host_path": "",
                "read_only": null,
                "volume_name": "influxdb-dev-5jgc-volume-0"
              }
            ],
            "working_dir": ""
          },
          "sensitive_attributes": [],
          "private": "eyJzY2hlbWFfdmVyc2lvbiI6IjIifQ==",
          "dependencies": [
            "module.container.module.volume.docker_volume.container_volume",
            "module.container.random_string.random",
            "module.image.docker_image.container_image"
          ]
        }
      ]
    },
    {
      "module": "module.container[\"influxdb\"]",
      "mode": "managed",
      "type": "random_string",
      "name": "random",
      "provider": "provider[\"registry.terraform.io/hashicorp/random\"]",
      "instances": [
        {
          "index_key": 0,
          "schema_version": 1,
          "attributes": {
            "id": "5jgc",
            "keepers": null,
            "length": 4,
            "lower": true,
            "min_lower": 0,
            "min_numeric": 0,
            "min_special": 0,
            "min_upper": 0,
            "number": true,
            "override_special": null,
            "result": "5jgc",
            "special": false,
            "upper": false
          },
          "sensitive_attributes": [],
          "private": "eyJzY2hlbWFfdmVyc2lvbiI6IjEifQ=="
        }
      ]
    },
    {
      "module": "module.container[\"influxdb\"].module.volume[0]",
      "mode": "managed",
      "type": "docker_volume",
      "name": "container_volume",
      "provider": "provider[\"registry.terraform.io/kreuzwerker/docker\"]",
      "instances": [
        {
          "index_key": 0,
          "schema_version": 1,
          "attributes": {
            "driver": "local",
            "driver_opts": null,
            "id": "influxdb-dev-5jgc-volume-0",
            "labels": [],
            "mountpoint": "/var/lib/docker/volumes/influxdb-dev-5jgc-volume-0/_data",
            "name": "influxdb-dev-5jgc-volume-0"
          },
          "sensitive_attributes": [],
          "private": "eyJzY2hlbWFfdmVyc2lvbiI6IjEifQ==",
          "dependencies": [
            "module.container.random_string.random"
          ]
        }
      ]
    },
    {
      "module": "module.container[\"nodered\"]",
      "mode": "managed",
      "type": "docker_container",
      "name": "app_container",
      "provider": "provider[\"registry.terraform.io/kreuzwerker/docker\"]",
      "instances": [
        {
          "index_key": 0,
          "schema_version": 2,
          "attributes": {
            "attach": false,
            "bridge": "",
            "capabilities": [],
            "command": [],
            "container_logs": null,
            "cpu_set": "",
            "cpu_shares": 0,
            "destroy_grace_seconds": null,
            "devices": [],
            "dns": null,
            "dns_opts": null,
            "dns_search": null,
            "domainname": "",
            "entrypoint": [
              "npm",
              "--no-update-notifier",
              "--no-fund",
              "start",
              "--cache",
              "/data/.npm",
              "--",
              "--userDir",
              "/data"
            ],
            "env": [],
            "exit_code": null,
            "gateway": "172.17.0.1",
            "group_add": null,
            "healthcheck": [
              {
                "interval": "0s",
                "retries": 0,
                "start_period": "0s",
                "test": [
                  "CMD-SHELL",
                  "node /healthcheck.js"
                ],
                "timeout": "0s"
              }
            ],
            "host": [],
            "hostname": "fbc38a6af16a",
            "id": "fbc38a6af16a1fa6d1bf18011f9fad8c37b31161df3af8e89c5f84ff8d2d798f",
            "image": "sha256:988958e4cbe731c8f25f62333136e9977a22a85aa8cb2f091238fea93ab2cda3",
            "init": false,
            "ip_address": "172.17.0.2",
            "ip_prefix_length": 16,
            "ipc_mode": "private",
            "labels": [],
            "links": null,
            "log_driver": "json-file",
            "log_opts": null,
            "logs": false,
            "max_retry_count": 0,
            "memory": 0,
            "memory_swap": 0,
            "mounts": [],
            "must_run": true,
            "name": "nodered-dev-i3gr",
            "network_alias": null,
            "network_data": [
              {
                "gateway": "172.17.0.1",
                "global_ipv6_address": "",
                "global_ipv6_prefix_length": 0,
                "ip_address": "172.17.0.2",
                "ip_prefix_length": 16,
                "ipv6_gateway": "",
                "network_name": "bridge"
              }
            ],
            "network_mode": "default",
            "networks": null,
            "networks_advanced": [],
            "pid_mode": "",
            "ports": [
              {
                "external": 1980,
                "internal": 1880,
                "ip": "0.0.0.0",
                "protocol": "tcp"
              }
            ],
            "privileged": false,
            "publish_all_ports": false,
            "read_only": false,
            "remove_volumes": true,
            "restart": "no",
            "rm": false,
            "security_opts": [],
            "shm_size": 64,
            "start": true,
            "stdin_open": false,
            "storage_opts": null,
            "sysctls": null,
            "tmpfs": null,
            "tty": false,
            "ulimit": [],
            "upload": [],
            "user": "node-red",
            "userns_mode": "",
            "volumes": [
              {
                "container_path": "/data",
                "from_container": "",
                "host_path": "",
                "read_only": null,
                "volume_name": "nodered-dev-i3gr-volume-0"
              }
            ],
            "working_dir": "/usr/src/node-red"
          },
          "sensitive_attributes": [],
          "private": "eyJzY2hlbWFfdmVyc2lvbiI6IjIifQ==",
          "dependencies": [
            "module.container.module.volume.docker_volume.container_volume",
            "module.container.random_string.random",
            "module.image.docker_image.container_image"
          ]
        }
      ]
    },
    {
      "module": "module.container[\"nodered\"]",
      "mode": "managed",
      "type": "random_string",
      "name": "random",
      "provider": "provider[\"registry.terraform.io/hashicorp/random\"]",
      "instances": [
        {
          "index_key": 0,
          "schema_version": 1,
          "attributes": {
            "id": "i3gr",
            "keepers": null,
            "length": 4,
            "lower": true,
            "min_lower": 0,
            "min_numeric": 0,
            "min_special": 0,
            "min_upper": 0,
            "number": true,
            "override_special": null,
            "result": "i3gr",
            "special": false,
            "upper": false
          },
          "sensitive_attributes": [],
          "private": "eyJzY2hlbWFfdmVyc2lvbiI6IjEifQ=="
        }
      ]
    },
    {
      "module": "module.container[\"nodered\"].module.volume[0]",
      "mode": "managed",
      "type": "docker_volume",
      "name": "container_volume",
      "provider": "provider[\"registry.terraform.io/kreuzwerker/docker\"]",
      "instances": [
        {
          "index_key": 0,
          "schema_version": 1,
          "attributes": {
            "driver": "local",
            "driver_opts": null,
            "id": "nodered-dev-i3gr-volume-0",
            "labels": [],
            "mountpoint": "/var/lib/docker/volumes/nodered-dev-i3gr-volume-0/_data",
            "name": "nodered-dev-i3gr-volume-0"
          },
          "sensitive_attributes": [],
          "private": "eyJzY2hlbWFfdmVyc2lvbiI6IjEifQ==",
          "dependencies": [
            "module.container.random_string.random"
          ]
        }
      ]
    },
    {
      "module": "module.image[\"grafana\"]",
      "mode": "managed",
      "type": "docker_image",
      "name": "container_image",
      "provider": "provider[\"registry.terraform.io/kreuzwerker/docker\"]",
      "instances": [
        {
          "schema_version": 0,
          "attributes": {
            "build": [],
            "force_remove": null,
            "id": "sha256:9b957e098315598ae58c7a62bcc140ed086bbe619b38c31a52b21abbd5eb21e2grafana/grafana",
            "keep_locally": null,
            "latest": "sha256:9b957e098315598ae58c7a62bcc140ed086bbe619b38c31a52b21abbd5eb21e2",
            "name": "grafana/grafana",
            "output": null,
            "pull_trigger": null,
            "pull_triggers": null,
            "repo_digest": "grafana/grafana@sha256:18d94ae734accd66bccf22daed7bdb20c6b99aa0f2c687eea3ce4275fe275062"
          },
          "sensitive_attributes": [],
          "private": "bnVsbA=="
        }
      ]
    },
    {
      "module": "module.image[\"influxdb\"]",
      "mode": "managed",
      "type": "docker_image",
      "name": "container_image",
      "provider": "provider[\"registry.terraform.io/kreuzwerker/docker\"]",
      "instances": [
        {
          "schema_version": 0,
          "attributes": {
            "build": [],
            "force_remove": null,
            "id": "sha256:86516adf96b152e8da1b29827a54930cd58667596bd643cd298e55189c3c131equay.io/influxdb/influxdb:v2.0.2",
            "keep_locally": null,
            "latest": "sha256:86516adf96b152e8da1b29827a54930cd58667596bd643cd298e55189c3c131e",
            "name": "quay.io/influxdb/influxdb:v2.0.2",
            "output": null,
            "pull_trigger": null,
            "pull_triggers": null,
            "repo_digest": "quay.io/influxdb/influxdb@sha256:5d61520c6b3b8d77240398b32aeed34b3246fcc46e435bcd87bc09351bb6c295"
          },
          "sensitive_attributes": [],
          "private": "bnVsbA=="
        }
      ]
    },
    {
      "module": "module.image[\"nodered\"]",
      "mode": "managed",
      "type": "docker_image",
      "name": "container_image",
      "provider": "provider[\"registry.terraform.io/kreuzwerker/docker\"]",
      "instances": [
        {
          "schema_version": 0,
          "attributes": {
            "build": [],
            "force_remove": null,
            "id": "sha256:988958e4cbe731c8f25f62333136e9977a22a85aa8cb2f091238fea93ab2cda3nodered/node-red:latest",
            "keep_locally": null,
            "latest": "sha256:988958e4cbe731c8f25f62333136e9977a22a85aa8cb2f091238fea93ab2cda3",
            "name": "nodered/node-red:latest",
            "output": null,
            "pull_trigger": null,
            "pull_triggers": null,
            "repo_digest": "nodered/node-red@sha256:2232141045a2702818855675905f52c982fee5f5c30c0dbfad5607e65ec64701"
          },
          "sensitive_attributes": [],
          "private": "bnVsbA=="
        }
      ]
    }
  ]
}
